{
    "name": "@jaber-dev/web-components-registry",
    "version": "1.0.1",
    "lockfileVersion": 3,
    "requires": true,
    "packages": {
        "": {
            "name": "@jaber-dev/web-components-registry",
            "version": "1.0.1",
            "license": "ISC",
            "dependencies": {
                "@autoenhance.ai/javascript": "^1.2.22",
                "@r2wc/react-to-web-component": "^2.0.4",
                "@uppy/aws-s3": "^4.1.0",
                "@uppy/core": "^4.2.0",
                "@uppy/dashboard": "^4.1.0",
                "@uppy/drag-drop": "^4.0.2",
                "@uppy/file-input": "^4.0.1",
                "@uppy/progress-bar": "^4.0.0",
                "@uppy/react": "^4.0.2",
                "@uppy/status-bar": "^4.1.1",
                "react": "^19.0.0",
                "react-dom": "^19.0.0",
                "uuid": "^11.1.0"
            },
            "devDependencies": {
                "@types/react": "^19.0.10",
                "esbuild": "^0.25.0"
            }
        },
        "node_modules/@autoenhance.ai/javascript": {
            "version": "1.2.22",
            "resolved": "https://registry.npmjs.org/@autoenhance.ai/javascript/-/javascript-1.2.22.tgz",
            "integrity": "sha512-256eP9IoDf9I2Gyqscyote7KZLsC+qn2FG7lBvIvmkqdAkvYuOm5qeNpuBuHNGMta/EwRJXpDzj6rPMkOzF1Iw=="
        },
        "node_modules/@esbuild/aix-ppc64": {
            "version": "0.25.0",
            "resolved": "https://registry.npmjs.org/@esbuild/aix-ppc64/-/aix-ppc64-0.25.0.tgz",
            "integrity": "sha512-O7vun9Sf8DFjH2UtqK8Ku3LkquL9SZL8OLY1T5NZkA34+wG3OQF7cl4Ql8vdNzM6fzBbYfLaiRLIOZ+2FOCgBQ==",
            "cpu": [
                "ppc64"
            ],
            "dev": true,
            "optional": true,
            "os": [
                "aix"
            ],
            "engines": {
                "node": ">=18"
            }
        },
        "node_modules/@esbuild/android-arm": {
            "version": "0.25.0",
            "resolved": "https://registry.npmjs.org/@esbuild/android-arm/-/android-arm-0.25.0.tgz",
            "integrity": "sha512-PTyWCYYiU0+1eJKmw21lWtC+d08JDZPQ5g+kFyxP0V+es6VPPSUhM6zk8iImp2jbV6GwjX4pap0JFbUQN65X1g==",
            "cpu": [
                "arm"
            ],
            "dev": true,
            "optional": true,
            "os": [
                "android"
            ],
            "engines": {
                "node": ">=18"
            }
        },
        "node_modules/@esbuild/android-arm64": {
            "version": "0.25.0",
            "resolved": "https://registry.npmjs.org/@esbuild/android-arm64/-/android-arm64-0.25.0.tgz",
            "integrity": "sha512-grvv8WncGjDSyUBjN9yHXNt+cq0snxXbDxy5pJtzMKGmmpPxeAmAhWxXI+01lU5rwZomDgD3kJwulEnhTRUd6g==",
            "cpu": [
                "arm64"
            ],
            "dev": true,
            "optional": true,
            "os": [
                "android"
            ],
            "engines": {
                "node": ">=18"
            }
        },
        "node_modules/@esbuild/android-x64": {
            "version": "0.25.0",
            "resolved": "https://registry.npmjs.org/@esbuild/android-x64/-/android-x64-0.25.0.tgz",
            "integrity": "sha512-m/ix7SfKG5buCnxasr52+LI78SQ+wgdENi9CqyCXwjVR2X4Jkz+BpC3le3AoBPYTC9NHklwngVXvbJ9/Akhrfg==",
            "cpu": [
                "x64"
            ],
            "dev": true,
            "optional": true,
            "os": [
                "android"
            ],
            "engines": {
                "node": ">=18"
            }
        },
        "node_modules/@esbuild/darwin-arm64": {
            "version": "0.25.0",
            "resolved": "https://registry.npmjs.org/@esbuild/darwin-arm64/-/darwin-arm64-0.25.0.tgz",
            "integrity": "sha512-mVwdUb5SRkPayVadIOI78K7aAnPamoeFR2bT5nszFUZ9P8UpK4ratOdYbZZXYSqPKMHfS1wdHCJk1P1EZpRdvw==",
            "cpu": [
                "arm64"
            ],
            "dev": true,
            "optional": true,
            "os": [
                "darwin"
            ],
            "engines": {
                "node": ">=18"
            }
        },
        "node_modules/@esbuild/darwin-x64": {
            "version": "0.25.0",
            "resolved": "https://registry.npmjs.org/@esbuild/darwin-x64/-/darwin-x64-0.25.0.tgz",
            "integrity": "sha512-DgDaYsPWFTS4S3nWpFcMn/33ZZwAAeAFKNHNa1QN0rI4pUjgqf0f7ONmXf6d22tqTY+H9FNdgeaAa+YIFUn2Rg==",
            "cpu": [
                "x64"
            ],
            "dev": true,
            "optional": true,
            "os": [
                "darwin"
            ],
            "engines": {
                "node": ">=18"
            }
        },
        "node_modules/@esbuild/freebsd-arm64": {
            "version": "0.25.0",
            "resolved": "https://registry.npmjs.org/@esbuild/freebsd-arm64/-/freebsd-arm64-0.25.0.tgz",
            "integrity": "sha512-VN4ocxy6dxefN1MepBx/iD1dH5K8qNtNe227I0mnTRjry8tj5MRk4zprLEdG8WPyAPb93/e4pSgi1SoHdgOa4w==",
            "cpu": [
                "arm64"
            ],
            "dev": true,
            "optional": true,
            "os": [
                "freebsd"
            ],
            "engines": {
                "node": ">=18"
            }
        },
        "node_modules/@esbuild/freebsd-x64": {
            "version": "0.25.0",
            "resolved": "https://registry.npmjs.org/@esbuild/freebsd-x64/-/freebsd-x64-0.25.0.tgz",
            "integrity": "sha512-mrSgt7lCh07FY+hDD1TxiTyIHyttn6vnjesnPoVDNmDfOmggTLXRv8Id5fNZey1gl/V2dyVK1VXXqVsQIiAk+A==",
            "cpu": [
                "x64"
            ],
            "dev": true,
            "optional": true,
            "os": [
                "freebsd"
            ],
            "engines": {
                "node": ">=18"
            }
        },
        "node_modules/@esbuild/linux-arm": {
            "version": "0.25.0",
            "resolved": "https://registry.npmjs.org/@esbuild/linux-arm/-/linux-arm-0.25.0.tgz",
            "integrity": "sha512-vkB3IYj2IDo3g9xX7HqhPYxVkNQe8qTK55fraQyTzTX/fxaDtXiEnavv9geOsonh2Fd2RMB+i5cbhu2zMNWJwg==",
            "cpu": [
                "arm"
            ],
            "dev": true,
            "optional": true,
            "os": [
                "linux"
            ],
            "engines": {
                "node": ">=18"
            }
        },
        "node_modules/@esbuild/linux-arm64": {
            "version": "0.25.0",
            "resolved": "https://registry.npmjs.org/@esbuild/linux-arm64/-/linux-arm64-0.25.0.tgz",
            "integrity": "sha512-9QAQjTWNDM/Vk2bgBl17yWuZxZNQIF0OUUuPZRKoDtqF2k4EtYbpyiG5/Dk7nqeK6kIJWPYldkOcBqjXjrUlmg==",
            "cpu": [
                "arm64"
            ],
            "dev": true,
            "optional": true,
            "os": [
                "linux"
            ],
            "engines": {
                "node": ">=18"
            }
        },
        "node_modules/@esbuild/linux-ia32": {
            "version": "0.25.0",
            "resolved": "https://registry.npmjs.org/@esbuild/linux-ia32/-/linux-ia32-0.25.0.tgz",
            "integrity": "sha512-43ET5bHbphBegyeqLb7I1eYn2P/JYGNmzzdidq/w0T8E2SsYL1U6un2NFROFRg1JZLTzdCoRomg8Rvf9M6W6Gg==",
            "cpu": [
                "ia32"
            ],
            "dev": true,
            "optional": true,
            "os": [
                "linux"
            ],
            "engines": {
                "node": ">=18"
            }
        },
        "node_modules/@esbuild/linux-loong64": {
            "version": "0.25.0",
            "resolved": "https://registry.npmjs.org/@esbuild/linux-loong64/-/linux-loong64-0.25.0.tgz",
            "integrity": "sha512-fC95c/xyNFueMhClxJmeRIj2yrSMdDfmqJnyOY4ZqsALkDrrKJfIg5NTMSzVBr5YW1jf+l7/cndBfP3MSDpoHw==",
            "cpu": [
                "loong64"
            ],
            "dev": true,
            "optional": true,
            "os": [
                "linux"
            ],
            "engines": {
                "node": ">=18"
            }
        },
        "node_modules/@esbuild/linux-mips64el": {
            "version": "0.25.0",
            "resolved": "https://registry.npmjs.org/@esbuild/linux-mips64el/-/linux-mips64el-0.25.0.tgz",
            "integrity": "sha512-nkAMFju7KDW73T1DdH7glcyIptm95a7Le8irTQNO/qtkoyypZAnjchQgooFUDQhNAy4iu08N79W4T4pMBwhPwQ==",
            "cpu": [
                "mips64el"
            ],
            "dev": true,
            "optional": true,
            "os": [
                "linux"
            ],
            "engines": {
                "node": ">=18"
            }
        },
        "node_modules/@esbuild/linux-ppc64": {
            "version": "0.25.0",
            "resolved": "https://registry.npmjs.org/@esbuild/linux-ppc64/-/linux-ppc64-0.25.0.tgz",
            "integrity": "sha512-NhyOejdhRGS8Iwv+KKR2zTq2PpysF9XqY+Zk77vQHqNbo/PwZCzB5/h7VGuREZm1fixhs4Q/qWRSi5zmAiO4Fw==",
            "cpu": [
                "ppc64"
            ],
            "dev": true,
            "optional": true,
            "os": [
                "linux"
            ],
            "engines": {
                "node": ">=18"
            }
        },
        "node_modules/@esbuild/linux-riscv64": {
            "version": "0.25.0",
            "resolved": "https://registry.npmjs.org/@esbuild/linux-riscv64/-/linux-riscv64-0.25.0.tgz",
            "integrity": "sha512-5S/rbP5OY+GHLC5qXp1y/Mx//e92L1YDqkiBbO9TQOvuFXM+iDqUNG5XopAnXoRH3FjIUDkeGcY1cgNvnXp/kA==",
            "cpu": [
                "riscv64"
            ],
            "dev": true,
            "optional": true,
            "os": [
                "linux"
            ],
            "engines": {
                "node": ">=18"
            }
        },
        "node_modules/@esbuild/linux-s390x": {
            "version": "0.25.0",
            "resolved": "https://registry.npmjs.org/@esbuild/linux-s390x/-/linux-s390x-0.25.0.tgz",
            "integrity": "sha512-XM2BFsEBz0Fw37V0zU4CXfcfuACMrppsMFKdYY2WuTS3yi8O1nFOhil/xhKTmE1nPmVyvQJjJivgDT+xh8pXJA==",
            "cpu": [
                "s390x"
            ],
            "dev": true,
            "optional": true,
            "os": [
                "linux"
            ],
            "engines": {
                "node": ">=18"
            }
        },
        "node_modules/@esbuild/linux-x64": {
            "version": "0.25.0",
            "resolved": "https://registry.npmjs.org/@esbuild/linux-x64/-/linux-x64-0.25.0.tgz",
            "integrity": "sha512-9yl91rHw/cpwMCNytUDxwj2XjFpxML0y9HAOH9pNVQDpQrBxHy01Dx+vaMu0N1CKa/RzBD2hB4u//nfc+Sd3Cw==",
            "cpu": [
                "x64"
            ],
            "dev": true,
            "optional": true,
            "os": [
                "linux"
            ],
            "engines": {
                "node": ">=18"
            }
        },
        "node_modules/@esbuild/netbsd-arm64": {
            "version": "0.25.0",
            "resolved": "https://registry.npmjs.org/@esbuild/netbsd-arm64/-/netbsd-arm64-0.25.0.tgz",
            "integrity": "sha512-RuG4PSMPFfrkH6UwCAqBzauBWTygTvb1nxWasEJooGSJ/NwRw7b2HOwyRTQIU97Hq37l3npXoZGYMy3b3xYvPw==",
            "cpu": [
                "arm64"
            ],
            "dev": true,
            "optional": true,
            "os": [
                "netbsd"
            ],
            "engines": {
                "node": ">=18"
            }
        },
        "node_modules/@esbuild/netbsd-x64": {
            "version": "0.25.0",
            "resolved": "https://registry.npmjs.org/@esbuild/netbsd-x64/-/netbsd-x64-0.25.0.tgz",
            "integrity": "sha512-jl+qisSB5jk01N5f7sPCsBENCOlPiS/xptD5yxOx2oqQfyourJwIKLRA2yqWdifj3owQZCL2sn6o08dBzZGQzA==",
            "cpu": [
                "x64"
            ],
            "dev": true,
            "optional": true,
            "os": [
                "netbsd"
            ],
            "engines": {
                "node": ">=18"
            }
        },
        "node_modules/@esbuild/openbsd-arm64": {
            "version": "0.25.0",
            "resolved": "https://registry.npmjs.org/@esbuild/openbsd-arm64/-/openbsd-arm64-0.25.0.tgz",
            "integrity": "sha512-21sUNbq2r84YE+SJDfaQRvdgznTD8Xc0oc3p3iW/a1EVWeNj/SdUCbm5U0itZPQYRuRTW20fPMWMpcrciH2EJw==",
            "cpu": [
                "arm64"
            ],
            "dev": true,
            "optional": true,
            "os": [
                "openbsd"
            ],
            "engines": {
                "node": ">=18"
            }
        },
        "node_modules/@esbuild/openbsd-x64": {
            "version": "0.25.0",
            "resolved": "https://registry.npmjs.org/@esbuild/openbsd-x64/-/openbsd-x64-0.25.0.tgz",
            "integrity": "sha512-2gwwriSMPcCFRlPlKx3zLQhfN/2WjJ2NSlg5TKLQOJdV0mSxIcYNTMhk3H3ulL/cak+Xj0lY1Ym9ysDV1igceg==",
            "cpu": [
                "x64"
            ],
            "dev": true,
            "optional": true,
            "os": [
                "openbsd"
            ],
            "engines": {
                "node": ">=18"
            }
        },
        "node_modules/@esbuild/sunos-x64": {
            "version": "0.25.0",
            "resolved": "https://registry.npmjs.org/@esbuild/sunos-x64/-/sunos-x64-0.25.0.tgz",
            "integrity": "sha512-bxI7ThgLzPrPz484/S9jLlvUAHYMzy6I0XiU1ZMeAEOBcS0VePBFxh1JjTQt3Xiat5b6Oh4x7UC7IwKQKIJRIg==",
            "cpu": [
                "x64"
            ],
            "dev": true,
            "optional": true,
            "os": [
                "sunos"
            ],
            "engines": {
                "node": ">=18"
            }
        },
        "node_modules/@esbuild/win32-arm64": {
            "version": "0.25.0",
            "resolved": "https://registry.npmjs.org/@esbuild/win32-arm64/-/win32-arm64-0.25.0.tgz",
            "integrity": "sha512-ZUAc2YK6JW89xTbXvftxdnYy3m4iHIkDtK3CLce8wg8M2L+YZhIvO1DKpxrd0Yr59AeNNkTiic9YLf6FTtXWMw==",
            "cpu": [
                "arm64"
            ],
            "dev": true,
            "optional": true,
            "os": [
                "win32"
            ],
            "engines": {
                "node": ">=18"
            }
        },
        "node_modules/@esbuild/win32-ia32": {
            "version": "0.25.0",
            "resolved": "https://registry.npmjs.org/@esbuild/win32-ia32/-/win32-ia32-0.25.0.tgz",
            "integrity": "sha512-eSNxISBu8XweVEWG31/JzjkIGbGIJN/TrRoiSVZwZ6pkC6VX4Im/WV2cz559/TXLcYbcrDN8JtKgd9DJVIo8GA==",
            "cpu": [
                "ia32"
            ],
            "dev": true,
            "optional": true,
            "os": [
                "win32"
            ],
            "engines": {
                "node": ">=18"
            }
        },
        "node_modules/@esbuild/win32-x64": {
            "version": "0.25.0",
            "resolved": "https://registry.npmjs.org/@esbuild/win32-x64/-/win32-x64-0.25.0.tgz",
            "integrity": "sha512-ZENoHJBxA20C2zFzh6AI4fT6RraMzjYw4xKWemRTRmRVtN9c5DcH9r/f2ihEkMjOW5eGgrwCslG/+Y/3bL+DHQ==",
            "cpu": [
                "x64"
            ],
            "dev": true,
            "optional": true,
            "os": [
                "win32"
            ],
            "engines": {
                "node": ">=18"
            }
        },
        "node_modules/@r2wc/core": {
            "version": "1.2.0",
            "resolved": "https://registry.npmjs.org/@r2wc/core/-/core-1.2.0.tgz",
            "integrity": "sha512-vAfiuS5KywtV54SRzc4maEHcpdgeUyJzln+ATpNCOkO+ArIuOkTXd92b5YauVAd0A8B2rV/y9OeVW19vb73bUQ=="
        },
        "node_modules/@r2wc/react-to-web-component": {
            "version": "2.0.4",
            "resolved": "https://registry.npmjs.org/@r2wc/react-to-web-component/-/react-to-web-component-2.0.4.tgz",
            "integrity": "sha512-g1dtTTEGETNUimYldTW+2hxY3mmJZjzPEca0vqCutUht2GHmpK9mT5r/urmEI7uSbOkn6HaymosgVy26lvU1JQ==",
            "dependencies": {
                "@r2wc/core": "^1.0.0"
            },
            "peerDependencies": {
                "react": "^18.0.0 || ^19.0.0",
                "react-dom": "^18.0.0 || ^19.0.0"
            }
        },
        "node_modules/@transloadit/prettier-bytes": {
            "version": "0.3.5",
            "resolved": "https://registry.npmjs.org/@transloadit/prettier-bytes/-/prettier-bytes-0.3.5.tgz",
            "integrity": "sha512-xF4A3d/ZyX2LJWeQZREZQw+qFX4TGQ8bGVP97OLRt6sPO6T0TNHBFTuRHOJh7RNmYOBmQ9MHxpolD9bXihpuVA=="
        },
        "node_modules/@types/react": {
            "version": "19.0.10",
            "resolved": "https://registry.npmjs.org/@types/react/-/react-19.0.10.tgz",
            "integrity": "sha512-JuRQ9KXLEjaUNjTWpzuR231Z2WpIwczOkBEIvbHNCzQefFIT0L8IqE6NV6ULLyC1SI/i234JnDoMkfg+RjQj2g==",
            "dev": true,
            "dependencies": {
                "csstype": "^3.0.2"
            }
        },
        "node_modules/@types/retry": {
            "version": "0.12.2",
            "resolved": "https://registry.npmjs.org/@types/retry/-/retry-0.12.2.tgz",
            "integrity": "sha512-XISRgDJ2Tc5q4TRqvgJtzsRkFYNJzZrhTdtMoGVBttwzzQJkPnS3WWTFc7kuDRoPtPakl+T+OfdEUjYJj7Jbow=="
        },
        "node_modules/@uppy/aws-s3": {
            "version": "4.2.3",
            "resolved": "https://registry.npmjs.org/@uppy/aws-s3/-/aws-s3-4.2.3.tgz",
            "integrity": "sha512-5vNgTE85DLujOXpzC6KEwJHLSi8o96v4rwZxMvDWQuikvX4sGcGflYjBCsPaVDYUCiiDXuhI8f93zfwCUEwQ/Q==",
            "dependencies": {
                "@uppy/companion-client": "^4.4.1",
                "@uppy/utils": "^6.1.1"
            },
            "peerDependencies": {
                "@uppy/core": "^4.4.1"
            }
        },
        "node_modules/@uppy/companion-client": {
            "version": "4.4.1",
            "resolved": "https://registry.npmjs.org/@uppy/companion-client/-/companion-client-4.4.1.tgz",
            "integrity": "sha512-ardMacShsfzaIbqHEH48YlpzWZkBj1qhAj0Dvn3r31p9d0HA5xFUvAdLYrZ6ezKvZ0RcDbf0SB5qCrQMkjscXQ==",
            "dependencies": {
                "@uppy/utils": "^6.1.1",
                "namespace-emitter": "^2.0.1",
                "p-retry": "^6.1.0"
            },
            "peerDependencies": {
                "@uppy/core": "^4.4.1"
            }
        },
        "node_modules/@uppy/core": {
            "version": "4.4.2",
            "resolved": "https://registry.npmjs.org/@uppy/core/-/core-4.4.2.tgz",
            "integrity": "sha512-df0fQtPEd5W/e5M/CWIXQb/O0rBb+LCz4HTN5Bkqm0UDzW2JFR9mrxnL0dfh3ikVlUq+9vNjAeBr9P0aluIiFg==",
            "dependencies": {
                "@transloadit/prettier-bytes": "^0.3.4",
                "@uppy/store-default": "^4.2.0",
                "@uppy/utils": "^6.1.2",
                "lodash": "^4.17.21",
                "mime-match": "^1.0.2",
                "namespace-emitter": "^2.0.1",
                "nanoid": "^5.0.9",
                "preact": "^10.5.13"
            }
        },
        "node_modules/@uppy/dashboard": {
            "version": "4.3.2",
            "resolved": "https://registry.npmjs.org/@uppy/dashboard/-/dashboard-4.3.2.tgz",
            "integrity": "sha512-6cikgcY/TMy+Fq/v03QI1BNocfm1kOxii3kuUaxnz1SFGeuZ/55+C7KKL7SP/IdeoVwH7KV+550HThT0uwIQEw==",
            "dependencies": {
                "@transloadit/prettier-bytes": "^0.3.4",
                "@uppy/informer": "^4.2.1",
                "@uppy/provider-views": "^4.4.2",
                "@uppy/status-bar": "^4.1.2",
                "@uppy/thumbnail-generator": "^4.1.1",
                "@uppy/utils": "^6.1.2",
                "classnames": "^2.2.6",
                "lodash": "^4.17.21",
                "memoize-one": "^6.0.0",
                "nanoid": "^5.0.9",
                "preact": "^10.5.13",
                "shallow-equal": "^3.0.0"
            },
            "peerDependencies": {
                "@uppy/core": "^4.4.2"
            }
        },
        "node_modules/@uppy/drag-drop": {
            "version": "4.1.1",
            "resolved": "https://registry.npmjs.org/@uppy/drag-drop/-/drag-drop-4.1.1.tgz",
            "integrity": "sha512-4ebDFmgQU3QsG0OB5AqXV8dXydtPEIcjrEy7Q0BI2Zick4bv0BwnqbffygPG0iI+IXRyGxdzkxtS8PHtw5Ks6g==",
            "dependencies": {
                "@uppy/utils": "^6.1.1",
                "preact": "^10.5.13"
            },
            "peerDependencies": {
                "@uppy/core": "^4.4.1"
            }
        },
        "node_modules/@uppy/file-input": {
            "version": "4.1.1",
            "resolved": "https://registry.npmjs.org/@uppy/file-input/-/file-input-4.1.1.tgz",
            "integrity": "sha512-Hz6nHjwtvLasnu9o152AQJrueeQOO4dVSmVEfEHtgbPW1mOuFbiRxasQyW6QOrPyY6cndPpHPidvGzfVtk50Hw==",
            "dependencies": {
                "@uppy/utils": "^6.1.1",
                "preact": "^10.5.13"
            },
            "peerDependencies": {
                "@uppy/core": "^4.4.1"
            }
        },
        "node_modules/@uppy/informer": {
            "version": "4.2.1",
            "resolved": "https://registry.npmjs.org/@uppy/informer/-/informer-4.2.1.tgz",
            "integrity": "sha512-0en8Py47pl6RMDrgUfqFoF807W5kK5AKVJNT1SkTsLiGg5anmTIMuvmNG3k6LN4cn9P/rKyEHSdGcoBBUj9u7Q==",
            "dependencies": {
                "@uppy/utils": "^6.1.1",
                "preact": "^10.5.13"
            },
            "peerDependencies": {
                "@uppy/core": "^4.4.1"
            }
        },
        "node_modules/@uppy/progress-bar": {
            "version": "4.2.1",
            "resolved": "https://registry.npmjs.org/@uppy/progress-bar/-/progress-bar-4.2.1.tgz",
            "integrity": "sha512-5TrUYYt1e/Qy4L4GS7pHeH9I9/zYpp7SiJzC5BtYlku5J6yxZbdxpMPW1mBhQqW+ou/IByaVIGFIR6iSq6yo0w==",
            "dependencies": {
                "@uppy/utils": "^6.1.1",
                "preact": "^10.5.13"
            },
            "peerDependencies": {
                "@uppy/core": "^4.4.1"
            }
        },
        "node_modules/@uppy/provider-views": {
            "version": "4.4.2",
            "resolved": "https://registry.npmjs.org/@uppy/provider-views/-/provider-views-4.4.2.tgz",
            "integrity": "sha512-YGrPJuydrksmMCjvo7Ty7/lDLNo/Y8zsOgWgWmVbXB0V5aRvqY49LeKY8HDlOXclKmn6dl5CeQFf7p46txRNGQ==",
            "dependencies": {
                "@uppy/utils": "^6.1.2",
                "classnames": "^2.2.6",
                "nanoid": "^5.0.9",
                "p-queue": "^8.0.0",
                "preact": "^10.5.13"
            },
            "peerDependencies": {
                "@uppy/core": "^4.4.2"
            }
        },
        "node_modules/@uppy/react": {
            "version": "4.2.1",
            "resolved": "https://registry.npmjs.org/@uppy/react/-/react-4.2.1.tgz",
            "integrity": "sha512-T50BmNPMx5+KvXJ4mo8pigiUS8yteLD+G7VG0pl5fOp9MfozEm/NRpUfStUpxU2yh9PVdiz3Q9byN9Cu9azh+A==",
            "dependencies": {
                "@uppy/utils": "^6.1.1",
                "use-sync-external-store": "^1.2.0"
            },
            "peerDependencies": {
                "@uppy/core": "^4.4.1",
                "@uppy/dashboard": "^4.3.1",
                "@uppy/drag-drop": "^4.1.1",
                "@uppy/file-input": "^4.1.1",
                "@uppy/progress-bar": "^4.2.1",
                "@uppy/status-bar": "^4.1.1",
                "react": "^18.0.0 || ^19.0.0"
            },
            "peerDependenciesMeta": {
                "@uppy/dashboard": {
                    "optional": true
                },
                "@uppy/drag-drop": {
                    "optional": true
                },
                "@uppy/file-input": {
                    "optional": true
                },
                "@uppy/progress-bar": {
                    "optional": true
                },
                "@uppy/status-bar": {
                    "optional": true
                }
            }
        },
        "node_modules/@uppy/status-bar": {
            "version": "4.1.2",
            "resolved": "https://registry.npmjs.org/@uppy/status-bar/-/status-bar-4.1.2.tgz",
            "integrity": "sha512-Z2fDXItoE940uMo3kwdDo4ZFPjTk5GY6y/C/G5+tSl6nL/IaDtWo5iVbAKHIH4s9SIRwCBgllEhxbmEPhuK7eA==",
            "dependencies": {
                "@transloadit/prettier-bytes": "^0.3.4",
                "@uppy/utils": "^6.1.2",
                "classnames": "^2.2.6",
                "preact": "^10.5.13"
            },
            "peerDependencies": {
                "@uppy/core": "^4.4.2"
            }
        },
        "node_modules/@uppy/store-default": {
            "version": "4.2.0",
            "resolved": "https://registry.npmjs.org/@uppy/store-default/-/store-default-4.2.0.tgz",
            "integrity": "sha512-PieFVa8yTvRHIqsNKfpO/yaJw5Ae/hT7uT58ryw7gvCBY5bHrNWxH5N0XFe8PFHMpLpLn8v3UXGx9ib9QkB6+Q=="
        },
        "node_modules/@uppy/thumbnail-generator": {
            "version": "4.1.1",
            "resolved": "https://registry.npmjs.org/@uppy/thumbnail-generator/-/thumbnail-generator-4.1.1.tgz",
            "integrity": "sha512-65znkGNgVTbVte51IKOhgxOpHGSwYj9Qik2jF2ZBocMbhBY4gPkWFwqMrKQBfddA9KbUa4jVe1psxhAQTzYgiA==",
            "dependencies": {
                "@uppy/utils": "^6.1.1",
                "exifr": "^7.0.0"
            },
            "peerDependencies": {
                "@uppy/core": "^4.4.1"
            }
        },
        "node_modules/@uppy/utils": {
            "version": "6.1.2",
            "resolved": "https://registry.npmjs.org/@uppy/utils/-/utils-6.1.2.tgz",
            "integrity": "sha512-PCrw6v51M6p3hlrlB2INmcocen4Dyjun1SobjVZRBkg4wutQE8ihZfSrH5ZE8UXFelufhtO16wlaZMi0EHk84w==",
            "dependencies": {
                "lodash": "^4.17.21",
                "preact": "^10.5.13"
            }
        },
        "node_modules/classnames": {
            "version": "2.5.1",
            "resolved": "https://registry.npmjs.org/classnames/-/classnames-2.5.1.tgz",
            "integrity": "sha512-saHYOzhIQs6wy2sVxTM6bUDsQO4F50V9RQ22qBpEdCW+I+/Wmke2HOl6lS6dTpdxVhb88/I6+Hs+438c3lfUow=="
        },
        "node_modules/csstype": {
            "version": "3.1.3",
            "resolved": "https://registry.npmjs.org/csstype/-/csstype-3.1.3.tgz",
            "integrity": "sha512-M1uQkMl8rQK/szD0LNhtqxIPLpimGm8sOBwU7lLnCpSbTyY3yeU1Vc7l4KT5zT4s/yOxHH5O7tIuuLOCnLADRw==",
            "dev": true
        },
        "node_modules/esbuild": {
            "version": "0.25.0",
            "resolved": "https://registry.npmjs.org/esbuild/-/esbuild-0.25.0.tgz",
            "integrity": "sha512-BXq5mqc8ltbaN34cDqWuYKyNhX8D/Z0J1xdtdQ8UcIIIyJyz+ZMKUt58tF3SrZ85jcfN/PZYhjR5uDQAYNVbuw==",
            "dev": true,
            "hasInstallScript": true,
            "bin": {
                "esbuild": "bin/esbuild"
            },
            "engines": {
                "node": ">=18"
            },
            "optionalDependencies": {
                "@esbuild/aix-ppc64": "0.25.0",
                "@esbuild/android-arm": "0.25.0",
                "@esbuild/android-arm64": "0.25.0",
                "@esbuild/android-x64": "0.25.0",
                "@esbuild/darwin-arm64": "0.25.0",
                "@esbuild/darwin-x64": "0.25.0",
                "@esbuild/freebsd-arm64": "0.25.0",
                "@esbuild/freebsd-x64": "0.25.0",
                "@esbuild/linux-arm": "0.25.0",
                "@esbuild/linux-arm64": "0.25.0",
                "@esbuild/linux-ia32": "0.25.0",
                "@esbuild/linux-loong64": "0.25.0",
                "@esbuild/linux-mips64el": "0.25.0",
                "@esbuild/linux-ppc64": "0.25.0",
                "@esbuild/linux-riscv64": "0.25.0",
                "@esbuild/linux-s390x": "0.25.0",
                "@esbuild/linux-x64": "0.25.0",
                "@esbuild/netbsd-arm64": "0.25.0",
                "@esbuild/netbsd-x64": "0.25.0",
                "@esbuild/openbsd-arm64": "0.25.0",
                "@esbuild/openbsd-x64": "0.25.0",
                "@esbuild/sunos-x64": "0.25.0",
                "@esbuild/win32-arm64": "0.25.0",
                "@esbuild/win32-ia32": "0.25.0",
                "@esbuild/win32-x64": "0.25.0"
            }
        },
        "node_modules/eventemitter3": {
            "version": "5.0.1",
            "resolved": "https://registry.npmjs.org/eventemitter3/-/eventemitter3-5.0.1.tgz",
            "integrity": "sha512-GWkBvjiSZK87ELrYOSESUYeVIc9mvLLf/nXalMOS5dYrgZq9o5OVkbZAVM06CVxYsCwH9BDZFPlQTlPA1j4ahA=="
        },
        "node_modules/exifr": {
            "version": "7.1.3",
            "resolved": "https://registry.npmjs.org/exifr/-/exifr-7.1.3.tgz",
            "integrity": "sha512-g/aje2noHivrRSLbAUtBPWFbxKdKhgj/xr1vATDdUXPOFYJlQ62Ft0oy+72V6XLIpDJfHs6gXLbBLAolqOXYRw=="
        },
        "node_modules/is-network-error": {
            "version": "1.1.0",
            "resolved": "https://registry.npmjs.org/is-network-error/-/is-network-error-1.1.0.tgz",
            "integrity": "sha512-tUdRRAnhT+OtCZR/LxZelH/C7QtjtFrTu5tXCA8pl55eTUElUHT+GPYV8MBMBvea/j+NxQqVt3LbWMRir7Gx9g==",
            "engines": {
                "node": ">=16"
            },
            "funding": {
                "url": "https://github.com/sponsors/sindresorhus"
            }
        },
        "node_modules/lodash": {
            "version": "4.17.21",
            "resolved": "https://registry.npmjs.org/lodash/-/lodash-4.17.21.tgz",
            "integrity": "sha512-v2kDEe57lecTulaDIuNTPy3Ry4gLGJ6Z1O3vE1krgXZNrsQ+LFTGHVxVjcXPs17LhbZVGedAJv8XZ1tvj5FvSg=="
        },
        "node_modules/memoize-one": {
            "version": "6.0.0",
            "resolved": "https://registry.npmjs.org/memoize-one/-/memoize-one-6.0.0.tgz",
            "integrity": "sha512-rkpe71W0N0c0Xz6QD0eJETuWAJGnJ9afsl1srmwPrI+yBCkge5EycXXbYRyvL29zZVUWQCY7InPRCv3GDXuZNw=="
        },
        "node_modules/mime-match": {
            "version": "1.0.2",
            "resolved": "https://registry.npmjs.org/mime-match/-/mime-match-1.0.2.tgz",
            "integrity": "sha512-VXp/ugGDVh3eCLOBCiHZMYWQaTNUHv2IJrut+yXA6+JbLPXHglHwfS/5A5L0ll+jkCY7fIzRJcH6OIunF+c6Cg==",
            "dependencies": {
                "wildcard": "^1.1.0"
            }
        },
        "node_modules/namespace-emitter": {
            "version": "2.0.1",
            "resolved": "https://registry.npmjs.org/namespace-emitter/-/namespace-emitter-2.0.1.tgz",
            "integrity": "sha512-N/sMKHniSDJBjfrkbS/tpkPj4RAbvW3mr8UAzvlMHyun93XEm83IAvhWtJVHo+RHn/oO8Job5YN4b+wRjSVp5g=="
        },
        "node_modules/nanoid": {
            "version": "5.1.2",
            "resolved": "https://registry.npmjs.org/nanoid/-/nanoid-5.1.2.tgz",
            "integrity": "sha512-b+CiXQCNMUGe0Ri64S9SXFcP9hogjAJ2Rd6GdVxhPLRm7mhGaM7VgOvCAJ1ZshfHbqVDI3uqTI5C8/GaKuLI7g==",
            "funding": [
                {
                    "type": "github",
                    "url": "https://github.com/sponsors/ai"
                }
            ],
            "bin": {
                "nanoid": "bin/nanoid.js"
            },
            "engines": {
                "node": "^18 || >=20"
            }
        },
        "node_modules/p-queue": {
            "version": "8.1.0",
            "resolved": "https://registry.npmjs.org/p-queue/-/p-queue-8.1.0.tgz",
            "integrity": "sha512-mxLDbbGIBEXTJL0zEx8JIylaj3xQ7Z/7eEVjcF9fJX4DBiH9oqe+oahYnlKKxm0Ci9TlWTyhSHgygxMxjIB2jw==",
            "dependencies": {
                "eventemitter3": "^5.0.1",
                "p-timeout": "^6.1.2"
            },
            "engines": {
                "node": ">=18"
            },
            "funding": {
                "url": "https://github.com/sponsors/sindresorhus"
            }
        },
        "node_modules/p-retry": {
            "version": "6.2.1",
            "resolved": "https://registry.npmjs.org/p-retry/-/p-retry-6.2.1.tgz",
            "integrity": "sha512-hEt02O4hUct5wtwg4H4KcWgDdm+l1bOaEy/hWzd8xtXB9BqxTWBBhb+2ImAtH4Cv4rPjV76xN3Zumqk3k3AhhQ==",
            "dependencies": {
                "@types/retry": "0.12.2",
                "is-network-error": "^1.0.0",
                "retry": "^0.13.1"
            },
            "engines": {
                "node": ">=16.17"
            },
            "funding": {
                "url": "https://github.com/sponsors/sindresorhus"
            }
        },
        "node_modules/p-timeout": {
            "version": "6.1.4",
            "resolved": "https://registry.npmjs.org/p-timeout/-/p-timeout-6.1.4.tgz",
            "integrity": "sha512-MyIV3ZA/PmyBN/ud8vV9XzwTrNtR4jFrObymZYnZqMmW0zA8Z17vnT0rBgFE/TlohB+YCHqXMgZzb3Csp49vqg==",
            "engines": {
                "node": ">=14.16"
            },
            "funding": {
                "url": "https://github.com/sponsors/sindresorhus"
            }
        },
        "node_modules/preact": {
            "version": "10.26.2",
            "resolved": "https://registry.npmjs.org/preact/-/preact-10.26.2.tgz",
            "integrity": "sha512-0gNmv4qpS9HaN3+40CLBAnKe0ZfyE4ZWo5xKlC1rVrr0ckkEvJvAQqKaHANdFKsGstoxrY4AItZ7kZSGVoVjgg==",
            "funding": {
                "type": "opencollective",
                "url": "https://opencollective.com/preact"
            }
        },
        "node_modules/react": {
            "version": "19.0.0",
            "resolved": "https://registry.npmjs.org/react/-/react-19.0.0.tgz",
            "integrity": "sha512-V8AVnmPIICiWpGfm6GLzCR/W5FXLchHop40W4nXBmdlEceh16rCN8O8LNWm5bh5XUX91fh7KpA+W0TgMKmgTpQ==",
            "engines": {
                "node": ">=0.10.0"
            }
        },
        "node_modules/react-dom": {
            "version": "19.0.0",
            "resolved": "https://registry.npmjs.org/react-dom/-/react-dom-19.0.0.tgz",
            "integrity": "sha512-4GV5sHFG0e/0AD4X+ySy6UJd3jVl1iNsNHdpad0qhABJ11twS3TTBnseqsKurKcsNqCEFeGL3uLpVChpIO3QfQ==",
            "dependencies": {
                "scheduler": "^0.25.0"
            },
            "peerDependencies": {
                "react": "^19.0.0"
            }
        },
        "node_modules/retry": {
            "version": "0.13.1",
            "resolved": "https://registry.npmjs.org/retry/-/retry-0.13.1.tgz",
            "integrity": "sha512-XQBQ3I8W1Cge0Seh+6gjj03LbmRFWuoszgK9ooCpwYIrhhoO80pfq4cUkU5DkknwfOfFteRwlZ56PYOGYyFWdg==",
            "engines": {
                "node": ">= 4"
            }
        },
        "node_modules/scheduler": {
            "version": "0.25.0",
            "resolved": "https://registry.npmjs.org/scheduler/-/scheduler-0.25.0.tgz",
            "integrity": "sha512-xFVuu11jh+xcO7JOAGJNOXld8/TcEHK/4CituBUeUb5hqxJLj9YuemAEuvm9gQ/+pgXYfbQuqAkiYu+u7YEsNA=="
        },
        "node_modules/shallow-equal": {
            "version": "3.1.0",
            "resolved": "https://registry.npmjs.org/shallow-equal/-/shallow-equal-3.1.0.tgz",
            "integrity": "sha512-pfVOw8QZIXpMbhBWvzBISicvToTiM5WBF1EeAUZDDSb5Dt29yl4AYbyywbJFSEsRUMr7gJaxqCdr4L3tQf9wVg=="
        },
        "node_modules/use-sync-external-store": {
            "version": "1.4.0",
            "resolved": "https://registry.npmjs.org/use-sync-external-store/-/use-sync-external-store-1.4.0.tgz",
            "integrity": "sha512-9WXSPC5fMv61vaupRkCKCxsPxBocVnwakBEkMIHHpkTTg6icbJtg6jzgtLDm4bl3cSHAca52rYWih0k4K3PfHw==",
            "peerDependencies": {
                "react": "^16.8.0 || ^17.0.0 || ^18.0.0 || ^19.0.0"
            }
        },
        "node_modules/uuid": {
            "version": "11.1.0",
            "resolved": "https://registry.npmjs.org/uuid/-/uuid-11.1.0.tgz",
            "integrity": "sha512-0/A9rDy9P7cJ+8w1c9WD9V//9Wj15Ce2MPz8Ri6032usz+NfePxx5AcN3bN+r6ZL6jEo066/yNYB3tn4pQEx+A==",
            "funding": [
                "https://github.com/sponsors/broofa",
                "https://github.com/sponsors/ctavan"
            ],
            "bin": {
                "uuid": "dist/esm/bin/uuid"
            }
        },
        "node_modules/wildcard": {
            "version": "1.1.2",
            "resolved": "https://registry.npmjs.org/wildcard/-/wildcard-1.1.2.tgz",
            "integrity": "sha512-DXukZJxpHA8LuotRwL0pP1+rS6CS7FF2qStDDE1C7DDg2rLud2PXRMuEDYIPhgEezwnlHNL4c+N6MfMTjCGTng=="
        }
    }
}
